
Microsoft Visual Studio Solution File, Format Version 12.00
# Visual Studio Version 16
VisualStudioVersion = 16.0.29521.150
MinimumVisualStudioVersion = 10.0.40219.1
Project("{2150E333-8FDC-42A3-9474-1A3956D46DE8}") = "src", "src", "{71196D9A-D1FA-469B-86BD-08620BD5BC85}"
	ProjectSection(SolutionItems) = preProject
		GlobalSuppressions.cs = GlobalSuppressions.cs
	EndProjectSection
EndProject
Project("{9A19103F-16F7-4668-BE54-9A1E7A4F7556}") = "SecretSanta.Data", "src\SecretSanta.Data\SecretSanta.Data.csproj", "{72F070FE-B8A5-4A77-B8ED-764068CAEFD3}"
EndProject
Project("{9A19103F-16F7-4668-BE54-9A1E7A4F7556}") = "SecretSanta.Business", "src\SecretSanta.Business\SecretSanta.Business.csproj", "{1CFA6F17-4CD4-4BB7-BF5C-C1704ADCA86B}"
EndProject
Project("{9A19103F-16F7-4668-BE54-9A1E7A4F7556}") = "SecretSanta.Api", "src\SecretSanta.Api\SecretSanta.Api.csproj", "{C33A221C-CDAB-4245-A9A4-B32A5AB9A690}"
EndProject
Project("{9A19103F-16F7-4668-BE54-9A1E7A4F7556}") = "SecretSanta.Web", "src\SecretSanta.Web\SecretSanta.Web.csproj", "{E5663FEA-B7B2-4C84-B6F7-44744A427C87}"
EndProject
Project("{9A19103F-16F7-4668-BE54-9A1E7A4F7556}") = "SecretSanta.Business.Tests", "src\SecretSanta.BusinessTests\SecretSanta.Business.Tests.csproj", "{021FB7D2-773B-4C86-9B35-60FE2A683D37}"
EndProject
Project("{2150E333-8FDC-42A3-9474-1A3956D46DE8}") = "Solution Items", "Solution Items", "{B3545995-45E9-4843-A297-736B57ED2884}"
	ProjectSection(SolutionItems) = preProject
		Directory.Build.props = Directory.Build.props
	EndProjectSection
EndProject
Project("{2150E333-8FDC-42A3-9474-1A3956D46DE8}") = "test", "test", "{2FB717F7-CA90-4442-84FC-570AC94D8174}"
	ProjectSection(SolutionItems) = preProject
		src\SecretSanta.BusinessTests\TestSuppressions.cs = src\SecretSanta.BusinessTests\TestSuppressions.cs
	EndProjectSection
EndProject
Project("{9A19103F-16F7-4668-BE54-9A1E7A4F7556}") = "SecretSanta.Api.Tests", "SecretSanta.Api.Tests\SecretSanta.Api.Tests.csproj", "{58379FAA-6E45-4B55-BE66-1A4559CB94BC}"
EndProject
Project("{9A19103F-16F7-4668-BE54-9A1E7A4F7556}") = "SecretSanta.Data.Tests", "SecretSanta.Data.Tests\SecretSanta.Data.Tests.csproj", "{5A19CDD6-ADEC-4958-AC94-A53A56A4009E}"
EndProject
Project("{9A19103F-16F7-4668-BE54-9A1E7A4F7556}") = "SecretSanta.Web.Tests", "SecretSanta.Web.Tests\SecretSanta.Web.Tests.csproj", "{2F375CF5-53CC-45DD-9583-8D14F9A8314A}"
EndProject
Global
	GlobalSection(SolutionConfigurationPlatforms) = preSolution
		Debug|Any CPU = Debug|Any CPU
		Release|Any CPU = Release|Any CPU
	EndGlobalSection
	GlobalSection(ProjectConfigurationPlatforms) = postSolution
		{72F070FE-B8A5-4A77-B8ED-764068CAEFD3}.Debug|Any CPU.ActiveCfg = Debug|Any CPU
		{72F070FE-B8A5-4A77-B8ED-764068CAEFD3}.Debug|Any CPU.Build.0 = Debug|Any CPU
		{72F070FE-B8A5-4A77-B8ED-764068CAEFD3}.Release|Any CPU.ActiveCfg = Release|Any CPU
		{72F070FE-B8A5-4A77-B8ED-764068CAEFD3}.Release|Any CPU.Build.0 = Release|Any CPU
		{1CFA6F17-4CD4-4BB7-BF5C-C1704ADCA86B}.Debug|Any CPU.ActiveCfg = Debug|Any CPU
		{1CFA6F17-4CD4-4BB7-BF5C-C1704ADCA86B}.Debug|Any CPU.Build.0 = Debug|Any CPU
		{1CFA6F17-4CD4-4BB7-BF5C-C1704ADCA86B}.Release|Any CPU.ActiveCfg = Release|Any CPU
		{1CFA6F17-4CD4-4BB7-BF5C-C1704ADCA86B}.Release|Any CPU.Build.0 = Release|Any CPU
		{C33A221C-CDAB-4245-A9A4-B32A5AB9A690}.Debug|Any CPU.ActiveCfg = Debug|Any CPU
		{C33A221C-CDAB-4245-A9A4-B32A5AB9A690}.Debug|Any CPU.Build.0 = Debug|Any CPU
		{C33A221C-CDAB-4245-A9A4-B32A5AB9A690}.Release|Any CPU.ActiveCfg = Release|Any CPU
		{C33A221C-CDAB-4245-A9A4-B32A5AB9A690}.Release|Any CPU.Build.0 = Release|Any CPU
		{E5663FEA-B7B2-4C84-B6F7-44744A427C87}.Debug|Any CPU.ActiveCfg = Debug|Any CPU
		{E5663FEA-B7B2-4C84-B6F7-44744A427C87}.Debug|Any CPU.Build.0 = Debug|Any CPU
		{E5663FEA-B7B2-4C84-B6F7-44744A427C87}.Release|Any CPU.ActiveCfg = Release|Any CPU
		{E5663FEA-B7B2-4C84-B6F7-44744A427C87}.Release|Any CPU.Build.0 = Release|Any CPU
		{021FB7D2-773B-4C86-9B35-60FE2A683D37}.Debug|Any CPU.ActiveCfg = Debug|Any CPU
		{021FB7D2-773B-4C86-9B35-60FE2A683D37}.Debug|Any CPU.Build.0 = Debug|Any CPU
		{021FB7D2-773B-4C86-9B35-60FE2A683D37}.Release|Any CPU.ActiveCfg = Release|Any CPU
		{021FB7D2-773B-4C86-9B35-60FE2A683D37}.Release|Any CPU.Build.0 = Release|Any CPU
		{58379FAA-6E45-4B55-BE66-1A4559CB94BC}.Debug|Any CPU.ActiveCfg = Debug|Any CPU
		{58379FAA-6E45-4B55-BE66-1A4559CB94BC}.Debug|Any CPU.Build.0 = Debug|Any CPU
		{58379FAA-6E45-4B55-BE66-1A4559CB94BC}.Release|Any CPU.ActiveCfg = Release|Any CPU
		{58379FAA-6E45-4B55-BE66-1A4559CB94BC}.Release|Any CPU.Build.0 = Release|Any CPU
		{5A19CDD6-ADEC-4958-AC94-A53A56A4009E}.Debug|Any CPU.ActiveCfg = Debug|Any CPU
		{5A19CDD6-ADEC-4958-AC94-A53A56A4009E}.Debug|Any CPU.Build.0 = Debug|Any CPU
		{5A19CDD6-ADEC-4958-AC94-A53A56A4009E}.Release|Any CPU.ActiveCfg = Release|Any CPU
		{5A19CDD6-ADEC-4958-AC94-A53A56A4009E}.Release|Any CPU.Build.0 = Release|Any CPU
		{2F375CF5-53CC-45DD-9583-8D14F9A8314A}.Debug|Any CPU.ActiveCfg = Debug|Any CPU
		{2F375CF5-53CC-45DD-9583-8D14F9A8314A}.Debug|Any CPU.Build.0 = Debug|Any CPU
		{2F375CF5-53CC-45DD-9583-8D14F9A8314A}.Release|Any CPU.ActiveCfg = Release|Any CPU
		{2F375CF5-53CC-45DD-9583-8D14F9A8314A}.Release|Any CPU.Build.0 = Release|Any CPU
	EndGlobalSection
	GlobalSection(SolutionProperties) = preSolution
		HideSolutionNode = FALSE
	EndGlobalSection
	GlobalSection(NestedProjects) = preSolution
		{72F070FE-B8A5-4A77-B8ED-764068CAEFD3} = {71196D9A-D1FA-469B-86BD-08620BD5BC85}
		{1CFA6F17-4CD4-4BB7-BF5C-C1704ADCA86B} = {71196D9A-D1FA-469B-86BD-08620BD5BC85}
		{C33A221C-CDAB-4245-A9A4-B32A5AB9A690} = {71196D9A-D1FA-469B-86BD-08620BD5BC85}
		{E5663FEA-B7B2-4C84-B6F7-44744A427C87} = {71196D9A-D1FA-469B-86BD-08620BD5BC85}
		{021FB7D2-773B-4C86-9B35-60FE2A683D37} = {2FB717F7-CA90-4442-84FC-570AC94D8174}
		{58379FAA-6E45-4B55-BE66-1A4559CB94BC} = {2FB717F7-CA90-4442-84FC-570AC94D8174}
		{5A19CDD6-ADEC-4958-AC94-A53A56A4009E} = {2FB717F7-CA90-4442-84FC-570AC94D8174}
		{2F375CF5-53CC-45DD-9583-8D14F9A8314A} = {2FB717F7-CA90-4442-84FC-570AC94D8174}
	EndGlobalSection
	GlobalSection(ExtensibilityGlobals) = postSolution
		SolutionGuid = {E2234040-21B9-4AF6-9A6A-3ABE8D5F86E0}
	EndGlobalSection
EndGlobal
