
Microsoft Visual Studio Solution File, Format Version 12.00
# Visual Studio Version 16
VisualStudioVersion = 16.0.29521.150
MinimumVisualStudioVersion = 15.0.26124.0
Project("{2150E333-8FDC-42A3-9474-1A3956D46DE8}") = "src", "src", "{62F520AB-FCFC-49CA-AAAE-874585943F17}"
EndProject
Project("{2150E333-8FDC-42A3-9474-1A3956D46DE8}") = "test", "test", "{E60ADCB7-F77D-4108-AF8C-39459A2D7D4F}"
EndProject
Project("{FAE04EC0-301F-11D3-BF4B-00C04F79EFBC}") = "BlogEngine.Data", "src\BlogEngine.Data\BlogEngine.Data.csproj", "{22A605CF-8B17-44FE-91DF-FE9F5D63280E}"
EndProject
Project("{FAE04EC0-301F-11D3-BF4B-00C04F79EFBC}") = "BlogEngine.Business", "src\BlogEngine.Business\BlogEngine.Business.csproj", "{CA527D53-8E4E-4B8C-838A-0EA03693ED07}"
EndProject
Project("{FAE04EC0-301F-11D3-BF4B-00C04F79EFBC}") = "BlogEngine.Api", "src\BlogEngine.Api\BlogEngine.Api.csproj", "{A5832803-BB2E-4C70-B160-377496C2F015}"
EndProject
Project("{FAE04EC0-301F-11D3-BF4B-00C04F79EFBC}") = "BlogEngine.Web", "src\BlogEngine.Web\BlogEngine.Web.csproj", "{A100FBBC-3E63-46CD-865A-1A67939E0A84}"
EndProject
Project("{FAE04EC0-301F-11D3-BF4B-00C04F79EFBC}") = "BlogEngine.Data.Tests", "test\BlogEngine.Data.Tests\BlogEngine.Data.Tests.csproj", "{B1CD2C5C-531D-41F4-BD4F-60A9190D67CF}"
EndProject
Project("{FAE04EC0-301F-11D3-BF4B-00C04F79EFBC}") = "BlogEngine.Business.Tests", "test\BlogEngine.Business.Tests\BlogEngine.Business.Tests.csproj", "{D9E47A76-7EBA-46F0-829B-392DB5875FDE}"
EndProject
Project("{FAE04EC0-301F-11D3-BF4B-00C04F79EFBC}") = "BlogEngine.Api.Tests", "test\BlogEngine.Api.Tests\BlogEngine.Api.Tests.csproj", "{3118BC5C-3DD3-4240-8D19-C0A1C50256B6}"
EndProject
Project("{FAE04EC0-301F-11D3-BF4B-00C04F79EFBC}") = "BlogEngine.Web.Tests", "test\BlogEngine.Web.Tests\BlogEngine.Web.Tests.csproj", "{40465DBB-424F-4556-AFAA-E0BD8985E49F}"
EndProject
Global
	GlobalSection(SolutionConfigurationPlatforms) = preSolution
		Debug|Any CPU = Debug|Any CPU
		Debug|x64 = Debug|x64
		Debug|x86 = Debug|x86
		Release|Any CPU = Release|Any CPU
		Release|x64 = Release|x64
		Release|x86 = Release|x86
	EndGlobalSection
	GlobalSection(ProjectConfigurationPlatforms) = postSolution
		{22A605CF-8B17-44FE-91DF-FE9F5D63280E}.Debug|Any CPU.ActiveCfg = Debug|Any CPU
		{22A605CF-8B17-44FE-91DF-FE9F5D63280E}.Debug|Any CPU.Build.0 = Debug|Any CPU
		{22A605CF-8B17-44FE-91DF-FE9F5D63280E}.Debug|x64.ActiveCfg = Debug|Any CPU
		{22A605CF-8B17-44FE-91DF-FE9F5D63280E}.Debug|x64.Build.0 = Debug|Any CPU
		{22A605CF-8B17-44FE-91DF-FE9F5D63280E}.Debug|x86.ActiveCfg = Debug|Any CPU
		{22A605CF-8B17-44FE-91DF-FE9F5D63280E}.Debug|x86.Build.0 = Debug|Any CPU
		{22A605CF-8B17-44FE-91DF-FE9F5D63280E}.Release|Any CPU.ActiveCfg = Release|Any CPU
		{22A605CF-8B17-44FE-91DF-FE9F5D63280E}.Release|Any CPU.Build.0 = Release|Any CPU
		{22A605CF-8B17-44FE-91DF-FE9F5D63280E}.Release|x64.ActiveCfg = Release|Any CPU
		{22A605CF-8B17-44FE-91DF-FE9F5D63280E}.Release|x64.Build.0 = Release|Any CPU
		{22A605CF-8B17-44FE-91DF-FE9F5D63280E}.Release|x86.ActiveCfg = Release|Any CPU
		{22A605CF-8B17-44FE-91DF-FE9F5D63280E}.Release|x86.Build.0 = Release|Any CPU
		{CA527D53-8E4E-4B8C-838A-0EA03693ED07}.Debug|Any CPU.ActiveCfg = Debug|Any CPU
		{CA527D53-8E4E-4B8C-838A-0EA03693ED07}.Debug|Any CPU.Build.0 = Debug|Any CPU
		{CA527D53-8E4E-4B8C-838A-0EA03693ED07}.Debug|x64.ActiveCfg = Debug|Any CPU
		{CA527D53-8E4E-4B8C-838A-0EA03693ED07}.Debug|x64.Build.0 = Debug|Any CPU
		{CA527D53-8E4E-4B8C-838A-0EA03693ED07}.Debug|x86.ActiveCfg = Debug|Any CPU
		{CA527D53-8E4E-4B8C-838A-0EA03693ED07}.Debug|x86.Build.0 = Debug|Any CPU
		{CA527D53-8E4E-4B8C-838A-0EA03693ED07}.Release|Any CPU.ActiveCfg = Release|Any CPU
		{CA527D53-8E4E-4B8C-838A-0EA03693ED07}.Release|Any CPU.Build.0 = Release|Any CPU
		{CA527D53-8E4E-4B8C-838A-0EA03693ED07}.Release|x64.ActiveCfg = Release|Any CPU
		{CA527D53-8E4E-4B8C-838A-0EA03693ED07}.Release|x64.Build.0 = Release|Any CPU
		{CA527D53-8E4E-4B8C-838A-0EA03693ED07}.Release|x86.ActiveCfg = Release|Any CPU
		{CA527D53-8E4E-4B8C-838A-0EA03693ED07}.Release|x86.Build.0 = Release|Any CPU
		{A5832803-BB2E-4C70-B160-377496C2F015}.Debug|Any CPU.ActiveCfg = Debug|Any CPU
		{A5832803-BB2E-4C70-B160-377496C2F015}.Debug|Any CPU.Build.0 = Debug|Any CPU
		{A5832803-BB2E-4C70-B160-377496C2F015}.Debug|x64.ActiveCfg = Debug|Any CPU
		{A5832803-BB2E-4C70-B160-377496C2F015}.Debug|x64.Build.0 = Debug|Any CPU
		{A5832803-BB2E-4C70-B160-377496C2F015}.Debug|x86.ActiveCfg = Debug|Any CPU
		{A5832803-BB2E-4C70-B160-377496C2F015}.Debug|x86.Build.0 = Debug|Any CPU
		{A5832803-BB2E-4C70-B160-377496C2F015}.Release|Any CPU.ActiveCfg = Release|Any CPU
		{A5832803-BB2E-4C70-B160-377496C2F015}.Release|Any CPU.Build.0 = Release|Any CPU
		{A5832803-BB2E-4C70-B160-377496C2F015}.Release|x64.ActiveCfg = Release|Any CPU
		{A5832803-BB2E-4C70-B160-377496C2F015}.Release|x64.Build.0 = Release|Any CPU
		{A5832803-BB2E-4C70-B160-377496C2F015}.Release|x86.ActiveCfg = Release|Any CPU
		{A5832803-BB2E-4C70-B160-377496C2F015}.Release|x86.Build.0 = Release|Any CPU
		{A100FBBC-3E63-46CD-865A-1A67939E0A84}.Debug|Any CPU.ActiveCfg = Debug|Any CPU
		{A100FBBC-3E63-46CD-865A-1A67939E0A84}.Debug|Any CPU.Build.0 = Debug|Any CPU
		{A100FBBC-3E63-46CD-865A-1A67939E0A84}.Debug|x64.ActiveCfg = Debug|Any CPU
		{A100FBBC-3E63-46CD-865A-1A67939E0A84}.Debug|x64.Build.0 = Debug|Any CPU
		{A100FBBC-3E63-46CD-865A-1A67939E0A84}.Debug|x86.ActiveCfg = Debug|Any CPU
		{A100FBBC-3E63-46CD-865A-1A67939E0A84}.Debug|x86.Build.0 = Debug|Any CPU
		{A100FBBC-3E63-46CD-865A-1A67939E0A84}.Release|Any CPU.ActiveCfg = Release|Any CPU
		{A100FBBC-3E63-46CD-865A-1A67939E0A84}.Release|Any CPU.Build.0 = Release|Any CPU
		{A100FBBC-3E63-46CD-865A-1A67939E0A84}.Release|x64.ActiveCfg = Release|Any CPU
		{A100FBBC-3E63-46CD-865A-1A67939E0A84}.Release|x64.Build.0 = Release|Any CPU
		{A100FBBC-3E63-46CD-865A-1A67939E0A84}.Release|x86.ActiveCfg = Release|Any CPU
		{A100FBBC-3E63-46CD-865A-1A67939E0A84}.Release|x86.Build.0 = Release|Any CPU
		{B1CD2C5C-531D-41F4-BD4F-60A9190D67CF}.Debug|Any CPU.ActiveCfg = Debug|Any CPU
		{B1CD2C5C-531D-41F4-BD4F-60A9190D67CF}.Debug|Any CPU.Build.0 = Debug|Any CPU
		{B1CD2C5C-531D-41F4-BD4F-60A9190D67CF}.Debug|x64.ActiveCfg = Debug|Any CPU
		{B1CD2C5C-531D-41F4-BD4F-60A9190D67CF}.Debug|x64.Build.0 = Debug|Any CPU
		{B1CD2C5C-531D-41F4-BD4F-60A9190D67CF}.Debug|x86.ActiveCfg = Debug|Any CPU
		{B1CD2C5C-531D-41F4-BD4F-60A9190D67CF}.Debug|x86.Build.0 = Debug|Any CPU
		{B1CD2C5C-531D-41F4-BD4F-60A9190D67CF}.Release|Any CPU.ActiveCfg = Release|Any CPU
		{B1CD2C5C-531D-41F4-BD4F-60A9190D67CF}.Release|Any CPU.Build.0 = Release|Any CPU
		{B1CD2C5C-531D-41F4-BD4F-60A9190D67CF}.Release|x64.ActiveCfg = Release|Any CPU
		{B1CD2C5C-531D-41F4-BD4F-60A9190D67CF}.Release|x64.Build.0 = Release|Any CPU
		{B1CD2C5C-531D-41F4-BD4F-60A9190D67CF}.Release|x86.ActiveCfg = Release|Any CPU
		{B1CD2C5C-531D-41F4-BD4F-60A9190D67CF}.Release|x86.Build.0 = Release|Any CPU
		{D9E47A76-7EBA-46F0-829B-392DB5875FDE}.Debug|Any CPU.ActiveCfg = Debug|Any CPU
		{D9E47A76-7EBA-46F0-829B-392DB5875FDE}.Debug|Any CPU.Build.0 = Debug|Any CPU
		{D9E47A76-7EBA-46F0-829B-392DB5875FDE}.Debug|x64.ActiveCfg = Debug|Any CPU
		{D9E47A76-7EBA-46F0-829B-392DB5875FDE}.Debug|x64.Build.0 = Debug|Any CPU
		{D9E47A76-7EBA-46F0-829B-392DB5875FDE}.Debug|x86.ActiveCfg = Debug|Any CPU
		{D9E47A76-7EBA-46F0-829B-392DB5875FDE}.Debug|x86.Build.0 = Debug|Any CPU
		{D9E47A76-7EBA-46F0-829B-392DB5875FDE}.Release|Any CPU.ActiveCfg = Release|Any CPU
		{D9E47A76-7EBA-46F0-829B-392DB5875FDE}.Release|Any CPU.Build.0 = Release|Any CPU
		{D9E47A76-7EBA-46F0-829B-392DB5875FDE}.Release|x64.ActiveCfg = Release|Any CPU
		{D9E47A76-7EBA-46F0-829B-392DB5875FDE}.Release|x64.Build.0 = Release|Any CPU
		{D9E47A76-7EBA-46F0-829B-392DB5875FDE}.Release|x86.ActiveCfg = Release|Any CPU
		{D9E47A76-7EBA-46F0-829B-392DB5875FDE}.Release|x86.Build.0 = Release|Any CPU
		{3118BC5C-3DD3-4240-8D19-C0A1C50256B6}.Debug|Any CPU.ActiveCfg = Debug|Any CPU
		{3118BC5C-3DD3-4240-8D19-C0A1C50256B6}.Debug|Any CPU.Build.0 = Debug|Any CPU
		{3118BC5C-3DD3-4240-8D19-C0A1C50256B6}.Debug|x64.ActiveCfg = Debug|Any CPU
		{3118BC5C-3DD3-4240-8D19-C0A1C50256B6}.Debug|x64.Build.0 = Debug|Any CPU
		{3118BC5C-3DD3-4240-8D19-C0A1C50256B6}.Debug|x86.ActiveCfg = Debug|Any CPU
		{3118BC5C-3DD3-4240-8D19-C0A1C50256B6}.Debug|x86.Build.0 = Debug|Any CPU
		{3118BC5C-3DD3-4240-8D19-C0A1C50256B6}.Release|Any CPU.ActiveCfg = Release|Any CPU
		{3118BC5C-3DD3-4240-8D19-C0A1C50256B6}.Release|Any CPU.Build.0 = Release|Any CPU
		{3118BC5C-3DD3-4240-8D19-C0A1C50256B6}.Release|x64.ActiveCfg = Release|Any CPU
		{3118BC5C-3DD3-4240-8D19-C0A1C50256B6}.Release|x64.Build.0 = Release|Any CPU
		{3118BC5C-3DD3-4240-8D19-C0A1C50256B6}.Release|x86.ActiveCfg = Release|Any CPU
		{3118BC5C-3DD3-4240-8D19-C0A1C50256B6}.Release|x86.Build.0 = Release|Any CPU
		{40465DBB-424F-4556-AFAA-E0BD8985E49F}.Debug|Any CPU.ActiveCfg = Debug|Any CPU
		{40465DBB-424F-4556-AFAA-E0BD8985E49F}.Debug|Any CPU.Build.0 = Debug|Any CPU
		{40465DBB-424F-4556-AFAA-E0BD8985E49F}.Debug|x64.ActiveCfg = Debug|Any CPU
		{40465DBB-424F-4556-AFAA-E0BD8985E49F}.Debug|x64.Build.0 = Debug|Any CPU
		{40465DBB-424F-4556-AFAA-E0BD8985E49F}.Debug|x86.ActiveCfg = Debug|Any CPU
		{40465DBB-424F-4556-AFAA-E0BD8985E49F}.Debug|x86.Build.0 = Debug|Any CPU
		{40465DBB-424F-4556-AFAA-E0BD8985E49F}.Release|Any CPU.ActiveCfg = Release|Any CPU
		{40465DBB-424F-4556-AFAA-E0BD8985E49F}.Release|Any CPU.Build.0 = Release|Any CPU
		{40465DBB-424F-4556-AFAA-E0BD8985E49F}.Release|x64.ActiveCfg = Release|Any CPU
		{40465DBB-424F-4556-AFAA-E0BD8985E49F}.Release|x64.Build.0 = Release|Any CPU
		{40465DBB-424F-4556-AFAA-E0BD8985E49F}.Release|x86.ActiveCfg = Release|Any CPU
		{40465DBB-424F-4556-AFAA-E0BD8985E49F}.Release|x86.Build.0 = Release|Any CPU
	EndGlobalSection
	GlobalSection(SolutionProperties) = preSolution
		HideSolutionNode = FALSE
	EndGlobalSection
	GlobalSection(NestedProjects) = preSolution
		{22A605CF-8B17-44FE-91DF-FE9F5D63280E} = {62F520AB-FCFC-49CA-AAAE-874585943F17}
		{CA527D53-8E4E-4B8C-838A-0EA03693ED07} = {62F520AB-FCFC-49CA-AAAE-874585943F17}
		{A5832803-BB2E-4C70-B160-377496C2F015} = {62F520AB-FCFC-49CA-AAAE-874585943F17}
		{A100FBBC-3E63-46CD-865A-1A67939E0A84} = {62F520AB-FCFC-49CA-AAAE-874585943F17}
		{B1CD2C5C-531D-41F4-BD4F-60A9190D67CF} = {E60ADCB7-F77D-4108-AF8C-39459A2D7D4F}
		{D9E47A76-7EBA-46F0-829B-392DB5875FDE} = {E60ADCB7-F77D-4108-AF8C-39459A2D7D4F}
		{3118BC5C-3DD3-4240-8D19-C0A1C50256B6} = {E60ADCB7-F77D-4108-AF8C-39459A2D7D4F}
		{40465DBB-424F-4556-AFAA-E0BD8985E49F} = {E60ADCB7-F77D-4108-AF8C-39459A2D7D4F}
	EndGlobalSection
	GlobalSection(ExtensibilityGlobals) = postSolution
		SolutionGuid = {2890C72F-2A5F-41C3-9D12-F494F018B216}
	EndGlobalSection
EndGlobal
